
Microsoft Visual Studio Solution File, Format Version 12.00
# Visual Studio Version 16
VisualStudioVersion = 16.0.31911.196
MinimumVisualStudioVersion = 10.0.40219.1
Project("{FAE04EC0-301F-11D3-BF4B-00C04F79EFBC}") = "Peter_2021.12.02", "Peter_2021.12.02\Peter_2021.12.02.csproj", "{70952000-2767-44BD-98C2-E40F0266DA87}"
EndProject
Global
	GlobalSection(SolutionConfigurationPlatforms) = preSolution
		Debug|Any CPU = Debug|Any CPU
		Release|Any CPU = Release|Any CPU
	EndGlobalSection
	GlobalSection(ProjectConfigurationPlatforms) = postSolution
		{70952000-2767-44BD-98C2-E40F0266DA87}.Debug|Any CPU.ActiveCfg = Debug|Any CPU
		{70952000-2767-44BD-98C2-E40F0266DA87}.Debug|Any CPU.Build.0 = Debug|Any CPU
		{70952000-2767-44BD-98C2-E40F0266DA87}.Release|Any CPU.ActiveCfg = Release|Any CPU
		{70952000-2767-44BD-98C2-E40F0266DA87}.Release|Any CPU.Build.0 = Release|Any CPU
	EndGlobalSection
	GlobalSection(SolutionProperties) = preSolution
		HideSolutionNode = FALSE
	EndGlobalSection
	GlobalSection(ExtensibilityGlobals) = postSolution
		SolutionGuid = {11403476-37AE-4D0B-BA77-479FBD90A4B5}
	EndGlobalSection
EndGlobal
